version = 1
requires-python = ">=3.12"

[manifest]
requirements = [
    { name = "msgspec", specifier = ">=0.18.6" },
    { name = "sanic", specifier = ">=24.6.0" },
    { name = "sanic-ext", specifier = ">=23.12.0" },
]

[[package]]
name = "aiofiles"
version = "24.1.0"
source = { registry = "https://pypi.org/simple" }
sdist = { url = "https://files.pythonhosted.org/packages/0b/03/a88171e277e8caa88a4c77808c20ebb04ba74cc4681bf1e9416c862de237/aiofiles-24.1.0.tar.gz", hash = "sha256:22a075c9e5a3810f0c2e48f3008c94d68c65d763b9b03857924c99e57355166c", size = 30247 }
wheels = [
    { url = "https://files.pythonhosted.org/packages/a5/45/30bb92d442636f570cb5651bc661f52b610e2eec3f891a5dc3a4c3667db0/aiofiles-24.1.0-py3-none-any.whl", hash = "sha256:b4ec55f4195e3eb5d7abd1bf7e061763e864dd4954231fb8539a0ef8bb8260e5", size = 15896 },
]

[[package]]
name = "html5tagger"
version = "1.3.0"
source = { registry = "https://pypi.org/simple" }
sdist = { url = "https://files.pythonhosted.org/packages/9e/02/2ae5f46d517a2c1d4a17f2b1e4834c2c7cc0fb3a69c92389172fa16ab389/html5tagger-1.3.0.tar.gz", hash = "sha256:84fa3dfb49e5c83b79bbd856ab7b1de8e2311c3bb46a8be925f119e3880a8da9", size = 14196 }
wheels = [
    { url = "https://files.pythonhosted.org/packages/9b/12/2f5d43ee912ea14a6baba4b3db6d309b02d932e3b7074c3339b4aded98ff/html5tagger-1.3.0-py3-none-any.whl", hash = "sha256:ce14313515edffec8ed8a36c5890d023922641171b4e6e5774ad1a74998f5351", size = 10956 },
]

[[package]]
name = "httptools"
version = "0.6.1"
source = { registry = "https://pypi.org/simple" }
sdist = { url = "https://files.pythonhosted.org/packages/67/1d/d77686502fced061b3ead1c35a2d70f6b281b5f723c4eff7a2277c04e4a2/httptools-0.6.1.tar.gz", hash = "sha256:c6e26c30455600b95d94b1b836085138e82f177351454ee841c148f93a9bad5a", size = 191228 }
wheels = [
    { url = "https://files.pythonhosted.org/packages/60/13/b62e086b650752adf9094b7e62dab97f4cb7701005664544494b7956a51e/httptools-0.6.1-cp312-cp312-macosx_10_9_universal2.whl", hash = "sha256:75c8022dca7935cba14741a42744eee13ba05db00b27a4b940f0d646bd4d56d0", size = 146354 },
    { url = "https://files.pythonhosted.org/packages/f8/5d/9ad32b79b6c24524087e78aa3f0a2dfcf58c11c90e090e4593b35def8a86/httptools-0.6.1-cp312-cp312-macosx_10_9_x86_64.whl", hash = "sha256:48ed8129cd9a0d62cf4d1575fcf90fb37e3ff7d5654d3a5814eb3d55f36478c2", size = 75785 },
    { url = "https://files.pythonhosted.org/packages/d0/a4/b503851c40f20bcbd453db24ed35d961f62abdae0dccc8f672cd5d350d87/httptools-0.6.1-cp312-cp312-manylinux_2_17_aarch64.manylinux2014_aarch64.whl", hash = "sha256:6f58e335a1402fb5a650e271e8c2d03cfa7cea46ae124649346d17bd30d59c90", size = 345396 },
    { url = "https://files.pythonhosted.org/packages/a2/9a/aa406864f3108e06f7320425a528ff8267124dead1fd72a3e9da2067f893/httptools-0.6.1-cp312-cp312-manylinux_2_5_x86_64.manylinux1_x86_64.manylinux_2_17_x86_64.manylinux2014_x86_64.whl", hash = "sha256:93ad80d7176aa5788902f207a4e79885f0576134695dfb0fefc15b7a4648d503", size = 344741 },
    { url = "https://files.pythonhosted.org/packages/cf/3a/3fd8dfb987c4247651baf2ac6f28e8e9f889d484ca1a41a9ad0f04dfe300/httptools-0.6.1-cp312-cp312-musllinux_1_1_aarch64.whl", hash = "sha256:9bb68d3a085c2174c2477eb3ffe84ae9fb4fde8792edb7bcd09a1d8467e30a84", size = 345096 },
    { url = "https://files.pythonhosted.org/packages/80/01/379f6466d8e2edb861c1f44ccac255ed1f8a0d4c5c666a1ceb34caad7555/httptools-0.6.1-cp312-cp312-musllinux_1_1_x86_64.whl", hash = "sha256:b512aa728bc02354e5ac086ce76c3ce635b62f5fbc32ab7082b5e582d27867bb", size = 343535 },
    { url = "https://files.pythonhosted.org/packages/d3/97/60860e9ee87a7d4712b98f7e1411730520053b9d69e9e42b0b9751809c17/httptools-0.6.1-cp312-cp312-win_amd64.whl", hash = "sha256:97662ce7fb196c785344d00d638fc9ad69e18ee4bfb4000b35a52efe5adcc949", size = 55660 },
]

[[package]]
name = "msgspec"
version = "0.18.6"
source = { registry = "https://pypi.org/simple" }
sdist = { url = "https://files.pythonhosted.org/packages/5e/fb/42b1865063fddb14dbcbb6e74e0a366ecf1ba371c4948664dde0b0e10f95/msgspec-0.18.6.tar.gz", hash = "sha256:a59fc3b4fcdb972d09138cb516dbde600c99d07c38fd9372a6ef500d2d031b4e", size = 216757 }
wheels = [
    { url = "https://files.pythonhosted.org/packages/1d/b5/c8fbf1db814eb29eda402952374b594b2559419ba7ec6d0997a9e5687530/msgspec-0.18.6-cp312-cp312-macosx_10_9_x86_64.whl", hash = "sha256:d86f5071fe33e19500920333c11e2267a31942d18fed4d9de5bc2fbab267d28c", size = 202109 },
    { url = "https://files.pythonhosted.org/packages/d7/9a/235d2dbab078a0b8e6f338205dc59be0b027ce000554ee6a9c41b19339e5/msgspec-0.18.6-cp312-cp312-macosx_11_0_arm64.whl", hash = "sha256:ce13981bfa06f5eb126a3a5a38b1976bddb49a36e4f46d8e6edecf33ccf11df1", size = 190281 },
    { url = "https://files.pythonhosted.org/packages/0e/f2/f864ed36a8a62c26b57c3e08d212bd8f3d12a3ca3ef64600be5452aa3c82/msgspec-0.18.6-cp312-cp312-manylinux_2_17_aarch64.manylinux2014_aarch64.whl", hash = "sha256:e97dec6932ad5e3ee1e3c14718638ba333befc45e0661caa57033cd4cc489466", size = 210305 },
    { url = "https://files.pythonhosted.org/packages/73/16/dfef780ced7d690dd5497846ed242ef3e27e319d59d1ddaae816a4f2c15e/msgspec-0.18.6-cp312-cp312-manylinux_2_17_x86_64.manylinux2014_x86_64.whl", hash = "sha256:ad237100393f637b297926cae1868b0d500f764ccd2f0623a380e2bcfb2809ca", size = 212510 },
    { url = "https://files.pythonhosted.org/packages/c1/90/f5b3a788c4b3d92190e3345d1afa3dd107d5f16b8194e1f61b72582ee9bd/msgspec-0.18.6-cp312-cp312-musllinux_1_1_aarch64.whl", hash = "sha256:db1d8626748fa5d29bbd15da58b2d73af25b10aa98abf85aab8028119188ed57", size = 214844 },
    { url = "https://files.pythonhosted.org/packages/ce/0b/d4cc1b09f8dfcc6cc4cc9739c13a86e093fe70257b941ea9feb15df22996/msgspec-0.18.6-cp312-cp312-musllinux_1_1_x86_64.whl", hash = "sha256:d70cb3d00d9f4de14d0b31d38dfe60c88ae16f3182988246a9861259c6722af6", size = 217113 },
    { url = "https://files.pythonhosted.org/packages/3f/76/30d8f152299f65c85c46a2cbeaf95ad1d18516b5ce730acdaef696d4cfe6/msgspec-0.18.6-cp312-cp312-win_amd64.whl", hash = "sha256:1003c20bfe9c6114cc16ea5db9c5466e49fae3d7f5e2e59cb70693190ad34da0", size = 187184 },
]

[[package]]
name = "multidict"
version = "6.0.5"
source = { registry = "https://pypi.org/simple" }
sdist = { url = "https://files.pythonhosted.org/packages/f9/79/722ca999a3a09a63b35aac12ec27dfa8e5bb3a38b0f857f7a1a209a88836/multidict-6.0.5.tar.gz", hash = "sha256:f7e301075edaf50500f0b341543c41194d8df3ae5caf4702f2095f3ca73dd8da", size = 59867 }
wheels = [
    { url = "https://files.pythonhosted.org/packages/90/9c/7fda9c0defa09538c97b1f195394be82a1f53238536f70b32eb5399dfd4e/multidict-6.0.5-cp312-cp312-macosx_10_9_universal2.whl", hash = "sha256:51d035609b86722963404f711db441cf7134f1889107fb171a970c9701f92e1e", size = 49575 },
    { url = "https://files.pythonhosted.org/packages/be/21/d6ca80dd1b9b2c5605ff7475699a8ff5dc6ea958cd71fb2ff234afc13d79/multidict-6.0.5-cp312-cp312-macosx_10_9_x86_64.whl", hash = "sha256:cbebcd5bcaf1eaf302617c114aa67569dd3f090dd0ce8ba9e35e9985b41ac35b", size = 29638 },
    { url = "https://files.pythonhosted.org/packages/9c/18/9565f32c19d186168731e859692dfbc0e98f66a1dcf9e14d69c02a78b75a/multidict-6.0.5-cp312-cp312-macosx_11_0_arm64.whl", hash = "sha256:2ffc42c922dbfddb4a4c3b438eb056828719f07608af27d163191cb3e3aa6cc5", size = 29874 },
    { url = "https://files.pythonhosted.org/packages/4e/4e/3815190e73e6ef101b5681c174c541bf972a1b064e926e56eea78d06e858/multidict-6.0.5-cp312-cp312-manylinux_2_17_aarch64.manylinux2014_aarch64.whl", hash = "sha256:ceb3b7e6a0135e092de86110c5a74e46bda4bd4fbfeeb3a3bcec79c0f861e450", size = 129914 },
    { url = "https://files.pythonhosted.org/packages/0c/08/bb47f886457e2259aefc10044e45c8a1b62f0c27228557e17775869d0341/multidict-6.0.5-cp312-cp312-manylinux_2_17_ppc64le.manylinux2014_ppc64le.whl", hash = "sha256:79660376075cfd4b2c80f295528aa6beb2058fd289f4c9252f986751a4cd0496", size = 134589 },
    { url = "https://files.pythonhosted.org/packages/d5/2f/952f79b5f0795cf4e34852fc5cf4dfda6166f63c06c798361215b69c131d/multidict-6.0.5-cp312-cp312-manylinux_2_17_s390x.manylinux2014_s390x.whl", hash = "sha256:e4428b29611e989719874670fd152b6625500ad6c686d464e99f5aaeeaca175a", size = 133259 },
    { url = "https://files.pythonhosted.org/packages/24/1f/af976383b0b772dd351210af5b60ff9927e3abb2f4a103e93da19a957da0/multidict-6.0.5-cp312-cp312-manylinux_2_17_x86_64.manylinux2014_x86_64.whl", hash = "sha256:d84a5c3a5f7ce6db1f999fb9438f686bc2e09d38143f2d93d8406ed2dd6b9226", size = 130779 },
    { url = "https://files.pythonhosted.org/packages/fc/b1/b0a7744be00b0f5045c7ed4e4a6b8ee6bde4672b2c620474712299df5979/multidict-6.0.5-cp312-cp312-manylinux_2_5_i686.manylinux1_i686.manylinux_2_17_i686.manylinux2014_i686.whl", hash = "sha256:76c0de87358b192de7ea9649beb392f107dcad9ad27276324c24c91774ca5271", size = 120125 },
    { url = "https://files.pythonhosted.org/packages/d0/bf/2a1d667acf11231cdf0b97a6cd9f30e7a5cf847037b5cf6da44884284bd0/multidict-6.0.5-cp312-cp312-musllinux_1_1_aarch64.whl", hash = "sha256:79a6d2ba910adb2cbafc95dad936f8b9386e77c84c35bc0add315b856d7c3abb", size = 167095 },
    { url = "https://files.pythonhosted.org/packages/5e/e8/ad6ee74b1a2050d3bc78f566dabcc14c8bf89cbe87eecec866c011479815/multidict-6.0.5-cp312-cp312-musllinux_1_1_i686.whl", hash = "sha256:92d16a3e275e38293623ebf639c471d3e03bb20b8ebb845237e0d3664914caef", size = 155823 },
    { url = "https://files.pythonhosted.org/packages/45/7c/06926bb91752c52abca3edbfefac1ea90d9d1bc00c84d0658c137589b920/multidict-6.0.5-cp312-cp312-musllinux_1_1_ppc64le.whl", hash = "sha256:fb616be3538599e797a2017cccca78e354c767165e8858ab5116813146041a24", size = 170233 },
    { url = "https://files.pythonhosted.org/packages/3c/29/3dd36cf6b9c5abba8b97bba84eb499a168ba59c3faec8829327b3887d123/multidict-6.0.5-cp312-cp312-musllinux_1_1_s390x.whl", hash = "sha256:14c2976aa9038c2629efa2c148022ed5eb4cb939e15ec7aace7ca932f48f9ba6", size = 169035 },
    { url = "https://files.pythonhosted.org/packages/60/47/9a0f43470c70bbf6e148311f78ef5a3d4996b0226b6d295bdd50fdcfe387/multidict-6.0.5-cp312-cp312-musllinux_1_1_x86_64.whl", hash = "sha256:435a0984199d81ca178b9ae2c26ec3d49692d20ee29bc4c11a2a8d4514c67eda", size = 166229 },
    { url = "https://files.pythonhosted.org/packages/1d/23/c1b7ae7a0b8a3e08225284ef3ecbcf014b292a3ee821bc4ed2185fd4ce7d/multidict-6.0.5-cp312-cp312-win32.whl", hash = "sha256:9fe7b0653ba3d9d65cbe7698cca585bf0f8c83dbbcc710db9c90f478e175f2d5", size = 25840 },
    { url = "https://files.pythonhosted.org/packages/4a/68/66fceb758ad7a88993940dbdf3ac59911ba9dc46d7798bf6c8652f89f853/multidict-6.0.5-cp312-cp312-win_amd64.whl", hash = "sha256:01265f5e40f5a17f8241d52656ed27192be03bfa8764d88e8220141d1e4b3556", size = 27905 },
    { url = "https://files.pythonhosted.org/packages/fa/a2/17e1e23c6be0a916219c5292f509360c345b5fa6beeb50d743203c27532c/multidict-6.0.5-py3-none-any.whl", hash = "sha256:0d63c74e3d7ab26de115c49bffc92cc77ed23395303d496eae515d4204a625e7", size = 9729 },
]

[[package]]
name = "pyyaml"
version = "6.0.2"
source = { registry = "https://pypi.org/simple" }
sdist = { url = "https://files.pythonhosted.org/packages/54/ed/79a089b6be93607fa5cdaedf301d7dfb23af5f25c398d5ead2525b063e17/pyyaml-6.0.2.tar.gz", hash = "sha256:d584d9ec91ad65861cc08d42e834324ef890a082e591037abe114850ff7bbc3e", size = 130631 }
wheels = [
    { url = "https://files.pythonhosted.org/packages/86/0c/c581167fc46d6d6d7ddcfb8c843a4de25bdd27e4466938109ca68492292c/PyYAML-6.0.2-cp312-cp312-macosx_10_9_x86_64.whl", hash = "sha256:c70c95198c015b85feafc136515252a261a84561b7b1d51e3384e0655ddf25ab", size = 183873 },
    { url = "https://files.pythonhosted.org/packages/a8/0c/38374f5bb272c051e2a69281d71cba6fdb983413e6758b84482905e29a5d/PyYAML-6.0.2-cp312-cp312-macosx_11_0_arm64.whl", hash = "sha256:ce826d6ef20b1bc864f0a68340c8b3287705cae2f8b4b1d932177dcc76721725", size = 173302 },
    { url = "https://files.pythonhosted.org/packages/c3/93/9916574aa8c00aa06bbac729972eb1071d002b8e158bd0e83a3b9a20a1f7/PyYAML-6.0.2-cp312-cp312-manylinux_2_17_aarch64.manylinux2014_aarch64.whl", hash = "sha256:1f71ea527786de97d1a0cc0eacd1defc0985dcf6b3f17bb77dcfc8c34bec4dc5", size = 739154 },
    { url = "https://files.pythonhosted.org/packages/95/0f/b8938f1cbd09739c6da569d172531567dbcc9789e0029aa070856f123984/PyYAML-6.0.2-cp312-cp312-manylinux_2_17_s390x.manylinux2014_s390x.whl", hash = "sha256:9b22676e8097e9e22e36d6b7bda33190d0d400f345f23d4065d48f4ca7ae0425", size = 766223 },
    { url = "https://files.pythonhosted.org/packages/b9/2b/614b4752f2e127db5cc206abc23a8c19678e92b23c3db30fc86ab731d3bd/PyYAML-6.0.2-cp312-cp312-manylinux_2_17_x86_64.manylinux2014_x86_64.whl", hash = "sha256:80bab7bfc629882493af4aa31a4cfa43a4c57c83813253626916b8c7ada83476", size = 767542 },
    { url = "https://files.pythonhosted.org/packages/d4/00/dd137d5bcc7efea1836d6264f049359861cf548469d18da90cd8216cf05f/PyYAML-6.0.2-cp312-cp312-musllinux_1_1_aarch64.whl", hash = "sha256:0833f8694549e586547b576dcfaba4a6b55b9e96098b36cdc7ebefe667dfed48", size = 731164 },
    { url = "https://files.pythonhosted.org/packages/c9/1f/4f998c900485e5c0ef43838363ba4a9723ac0ad73a9dc42068b12aaba4e4/PyYAML-6.0.2-cp312-cp312-musllinux_1_1_x86_64.whl", hash = "sha256:8b9c7197f7cb2738065c481a0461e50ad02f18c78cd75775628afb4d7137fb3b", size = 756611 },
    { url = "https://files.pythonhosted.org/packages/df/d1/f5a275fdb252768b7a11ec63585bc38d0e87c9e05668a139fea92b80634c/PyYAML-6.0.2-cp312-cp312-win32.whl", hash = "sha256:ef6107725bd54b262d6dedcc2af448a266975032bc85ef0172c5f059da6325b4", size = 140591 },
    { url = "https://files.pythonhosted.org/packages/0c/e8/4f648c598b17c3d06e8753d7d13d57542b30d56e6c2dedf9c331ae56312e/PyYAML-6.0.2-cp312-cp312-win_amd64.whl", hash = "sha256:7e7401d0de89a9a855c839bc697c079a4af81cf878373abd7dc625847d25cbd8", size = 156338 },
    { url = "https://files.pythonhosted.org/packages/ef/e3/3af305b830494fa85d95f6d95ef7fa73f2ee1cc8ef5b495c7c3269fb835f/PyYAML-6.0.2-cp313-cp313-macosx_10_13_x86_64.whl", hash = "sha256:efdca5630322a10774e8e98e1af481aad470dd62c3170801852d752aa7a783ba", size = 181309 },
    { url = "https://files.pythonhosted.org/packages/45/9f/3b1c20a0b7a3200524eb0076cc027a970d320bd3a6592873c85c92a08731/PyYAML-6.0.2-cp313-cp313-macosx_11_0_arm64.whl", hash = "sha256:50187695423ffe49e2deacb8cd10510bc361faac997de9efef88badc3bb9e2d1", size = 171679 },
    { url = "https://files.pythonhosted.org/packages/7c/9a/337322f27005c33bcb656c655fa78325b730324c78620e8328ae28b64d0c/PyYAML-6.0.2-cp313-cp313-manylinux_2_17_aarch64.manylinux2014_aarch64.whl", hash = "sha256:0ffe8360bab4910ef1b9e87fb812d8bc0a308b0d0eef8c8f44e0254ab3b07133", size = 733428 },
    { url = "https://files.pythonhosted.org/packages/a3/69/864fbe19e6c18ea3cc196cbe5d392175b4cf3d5d0ac1403ec3f2d237ebb5/PyYAML-6.0.2-cp313-cp313-manylinux_2_17_s390x.manylinux2014_s390x.whl", hash = "sha256:17e311b6c678207928d649faa7cb0d7b4c26a0ba73d41e99c4fff6b6c3276484", size = 763361 },
    { url = "https://files.pythonhosted.org/packages/04/24/b7721e4845c2f162d26f50521b825fb061bc0a5afcf9a386840f23ea19fa/PyYAML-6.0.2-cp313-cp313-manylinux_2_17_x86_64.manylinux2014_x86_64.whl", hash = "sha256:70b189594dbe54f75ab3a1acec5f1e3faa7e8cf2f1e08d9b561cb41b845f69d5", size = 759523 },
    { url = "https://files.pythonhosted.org/packages/2b/b2/e3234f59ba06559c6ff63c4e10baea10e5e7df868092bf9ab40e5b9c56b6/PyYAML-6.0.2-cp313-cp313-musllinux_1_1_aarch64.whl", hash = "sha256:41e4e3953a79407c794916fa277a82531dd93aad34e29c2a514c2c0c5fe971cc", size = 726660 },
    { url = "https://files.pythonhosted.org/packages/fe/0f/25911a9f080464c59fab9027482f822b86bf0608957a5fcc6eaac85aa515/PyYAML-6.0.2-cp313-cp313-musllinux_1_1_x86_64.whl", hash = "sha256:68ccc6023a3400877818152ad9a1033e3db8625d899c72eacb5a668902e4d652", size = 751597 },
    { url = "https://files.pythonhosted.org/packages/14/0d/e2c3b43bbce3cf6bd97c840b46088a3031085179e596d4929729d8d68270/PyYAML-6.0.2-cp313-cp313-win32.whl", hash = "sha256:bc2fa7c6b47d6bc618dd7fb02ef6fdedb1090ec036abab80d4681424b84c1183", size = 140527 },
    { url = "https://files.pythonhosted.org/packages/fa/de/02b54f42487e3d3c6efb3f89428677074ca7bf43aae402517bc7cca949f3/PyYAML-6.0.2-cp313-cp313-win_amd64.whl", hash = "sha256:8388ee1976c416731879ac16da0aff3f63b286ffdd57cdeb95f3f2e085687563", size = 156446 },
]

[[package]]
name = "sanic"
version = "24.6.0"
source = { registry = "https://pypi.org/simple" }
dependencies = [
    { name = "aiofiles" },
    { name = "html5tagger" },
    { name = "httptools" },
    { name = "multidict" },
    { name = "sanic-routing" },
    { name = "setuptools" },
    { name = "tracerite" },
    { name = "typing-extensions" },
    { name = "ujson", marker = "implementation_name == 'cpython' and sys_platform != 'win32'" },
    { name = "uvloop", marker = "implementation_name == 'cpython' and sys_platform != 'win32'" },
    { name = "websockets" },
]
sdist = { url = "https://files.pythonhosted.org/packages/37/00/d252369495fe3bc876fb7c269ec204800b6f66fdd9083d4dd29ee7539130/sanic-24.6.0.tar.gz", hash = "sha256:2e0841e2c8c28e68a0e6fc570c42aafbbe3b385d7141b9f96997d9d6c17d7afb", size = 351992 }
wheels = [
    { url = "https://files.pythonhosted.org/packages/76/88/4c61ced275fa8978775e4380c423250161470ef5b418e94685128f161102/sanic-24.6.0-py3-none-any.whl", hash = "sha256:e2c6b392e213d85d9843cf27c64e3f2dacb3ec5c31c8c7ade4c404cd3030e994", size = 244941 },
]

[[package]]
name = "sanic-ext"
version = "23.12.0"
source = { registry = "https://pypi.org/simple" }
dependencies = [
    { name = "pyyaml" },
]
sdist = { url = "https://files.pythonhosted.org/packages/7d/bf/807ded5b25f5576173c4603a1f16f67150b63eb899b0996231d88b10b90f/sanic-ext-23.12.0.tar.gz", hash = "sha256:42fc41e7fafa58f3b790f685f3dd8a8de281460b4169d0e91f4e11b8747f845c", size = 64959 }
wheels = [
    { url = "https://files.pythonhosted.org/packages/c2/42/140f19f464e6fe6597e7274341751b72466acc360bbd70013cca1f3249b1/sanic_ext-23.12.0-py3-none-any.whl", hash = "sha256:3ba2c143d7c41d89b87a11c6214b9d9b52c3994ff8ce3a03792b54ec5627e2c3", size = 95228 },
]

[[package]]
name = "sanic-routing"
version = "23.12.0"
source = { registry = "https://pypi.org/simple" }
sdist = { url = "https://files.pythonhosted.org/packages/d1/5c/2a7edd14fbccca3719a8d680951d4b25f986752c781c61ccf156a6d1ebff/sanic-routing-23.12.0.tar.gz", hash = "sha256:1dcadc62c443e48c852392dba03603f9862b6197fc4cba5bbefeb1ace0848b04", size = 29473 }
wheels = [
    { url = "https://files.pythonhosted.org/packages/cf/e3/3425c9a8773807ac2c01d6a56c8521733f09b627e5827e733c5cd36b9ac5/sanic_routing-23.12.0-py3-none-any.whl", hash = "sha256:1558a72afcb9046ed3134a5edae02fc1552cff08f0fff2e8d5de0877ea43ed73", size = 25522 },
]

[[package]]
name = "setuptools"
version = "73.0.1"
source = { registry = "https://pypi.org/simple" }
sdist = { url = "https://files.pythonhosted.org/packages/8d/37/f4d4ce9bc15e61edba3179f9b0f763fc6d439474d28511b11f0d95bab7a2/setuptools-73.0.1.tar.gz", hash = "sha256:d59a3e788ab7e012ab2c4baed1b376da6366883ee20d7a5fc426816e3d7b1193", size = 2526506 }
wheels = [
    { url = "https://files.pythonhosted.org/packages/07/6a/0270e295bf30c37567736b7fca10167640898214ff911273af37ddb95770/setuptools-73.0.1-py3-none-any.whl", hash = "sha256:b208925fcb9f7af924ed2dc04708ea89791e24bde0d3020b27df0e116088b34e", size = 2346588 },
]

[[package]]
name = "tracerite"
version = "1.1.1"
source = { registry = "https://pypi.org/simple" }
dependencies = [
    { name = "html5tagger" },
]
sdist = { url = "https://files.pythonhosted.org/packages/b3/82/9372199dd72b02e8f3cf3143096ed453f010668a8e2cbe9cd59b116da3de/tracerite-1.1.1.tar.gz", hash = "sha256:6400a35a187747189e4bb8d4a8e471bd86d14dbdcc94bcad23f4eda023f41356", size = 269462 }
wheels = [
    { url = "https://files.pythonhosted.org/packages/4e/71/127927fdd41dd577fd946c319cf9c012366f3ff9f048d0b0689dc72819ef/tracerite-1.1.1-py3-none-any.whl", hash = "sha256:3a787a9ecb1a136ea9ce17e6328e414ec414a4f644130af4e1e330bec2dece29", size = 12301 },
]

[[package]]
name = "typing-extensions"
version = "4.12.2"
source = { registry = "https://pypi.org/simple" }
sdist = { url = "https://files.pythonhosted.org/packages/df/db/f35a00659bc03fec321ba8bce9420de607a1d37f8342eee1863174c69557/typing_extensions-4.12.2.tar.gz", hash = "sha256:1a7ead55c7e559dd4dee8856e3a88b41225abfe1ce8df57b7c13915fe121ffb8", size = 85321 }
wheels = [
    { url = "https://files.pythonhosted.org/packages/26/9f/ad63fc0248c5379346306f8668cda6e2e2e9c95e01216d2b8ffd9ff037d0/typing_extensions-4.12.2-py3-none-any.whl", hash = "sha256:04e5ca0351e0f3f85c6853954072df659d0d13fac324d0072316b67d7794700d", size = 37438 },
]

[[package]]
name = "ujson"
version = "5.10.0"
source = { registry = "https://pypi.org/simple" }
sdist = { url = "https://files.pythonhosted.org/packages/f0/00/3110fd566786bfa542adb7932d62035e0c0ef662a8ff6544b6643b3d6fd7/ujson-5.10.0.tar.gz", hash = "sha256:b3cd8f3c5d8c7738257f1018880444f7b7d9b66232c64649f562d7ba86ad4bc1", size = 7154885 }
wheels = [
    { url = "https://files.pythonhosted.org/packages/e8/a6/fd3f8bbd80842267e2d06c3583279555e8354c5986c952385199d57a5b6c/ujson-5.10.0-cp312-cp312-macosx_10_9_x86_64.whl", hash = "sha256:98ba15d8cbc481ce55695beee9f063189dce91a4b08bc1d03e7f0152cd4bbdd5", size = 55642 },
    { url = "https://files.pythonhosted.org/packages/a8/47/dd03fd2b5ae727e16d5d18919b383959c6d269c7b948a380fdd879518640/ujson-5.10.0-cp312-cp312-macosx_11_0_arm64.whl", hash = "sha256:a9d2edbf1556e4f56e50fab7d8ff993dbad7f54bac68eacdd27a8f55f433578e", size = 51807 },
    { url = "https://files.pythonhosted.org/packages/25/23/079a4cc6fd7e2655a473ed9e776ddbb7144e27f04e8fc484a0fb45fe6f71/ujson-5.10.0-cp312-cp312-manylinux_2_17_aarch64.manylinux2014_aarch64.whl", hash = "sha256:6627029ae4f52d0e1a2451768c2c37c0c814ffc04f796eb36244cf16b8e57043", size = 51972 },
    { url = "https://files.pythonhosted.org/packages/04/81/668707e5f2177791869b624be4c06fb2473bf97ee33296b18d1cf3092af7/ujson-5.10.0-cp312-cp312-manylinux_2_17_x86_64.manylinux2014_x86_64.whl", hash = "sha256:f8ccb77b3e40b151e20519c6ae6d89bfe3f4c14e8e210d910287f778368bb3d1", size = 53686 },
    { url = "https://files.pythonhosted.org/packages/bd/50/056d518a386d80aaf4505ccf3cee1c40d312a46901ed494d5711dd939bc3/ujson-5.10.0-cp312-cp312-manylinux_2_5_i686.manylinux1_i686.manylinux_2_17_i686.manylinux2014_i686.whl", hash = "sha256:f3caf9cd64abfeb11a3b661329085c5e167abbe15256b3b68cb5d914ba7396f3", size = 58591 },
    { url = "https://files.pythonhosted.org/packages/fc/d6/aeaf3e2d6fb1f4cfb6bf25f454d60490ed8146ddc0600fae44bfe7eb5a72/ujson-5.10.0-cp312-cp312-musllinux_1_2_aarch64.whl", hash = "sha256:6e32abdce572e3a8c3d02c886c704a38a1b015a1fb858004e03d20ca7cecbb21", size = 997853 },
    { url = "https://files.pythonhosted.org/packages/f8/d5/1f2a5d2699f447f7d990334ca96e90065ea7f99b142ce96e85f26d7e78e2/ujson-5.10.0-cp312-cp312-musllinux_1_2_i686.whl", hash = "sha256:a65b6af4d903103ee7b6f4f5b85f1bfd0c90ba4eeac6421aae436c9988aa64a2", size = 1140689 },
    { url = "https://files.pythonhosted.org/packages/f2/2c/6990f4ccb41ed93744aaaa3786394bca0875503f97690622f3cafc0adfde/ujson-5.10.0-cp312-cp312-musllinux_1_2_x86_64.whl", hash = "sha256:604a046d966457b6cdcacc5aa2ec5314f0e8c42bae52842c1e6fa02ea4bda42e", size = 1043576 },
    { url = "https://files.pythonhosted.org/packages/14/f5/a2368463dbb09fbdbf6a696062d0c0f62e4ae6fa65f38f829611da2e8fdd/ujson-5.10.0-cp312-cp312-win32.whl", hash = "sha256:6dea1c8b4fc921bf78a8ff00bbd2bfe166345f5536c510671bccececb187c80e", size = 38764 },
    { url = "https://files.pythonhosted.org/packages/59/2d/691f741ffd72b6c84438a93749ac57bf1a3f217ac4b0ea4fd0e96119e118/ujson-5.10.0-cp312-cp312-win_amd64.whl", hash = "sha256:38665e7d8290188b1e0d57d584eb8110951a9591363316dd41cf8686ab1d0abc", size = 42211 },
    { url = "https://files.pythonhosted.org/packages/0d/69/b3e3f924bb0e8820bb46671979770c5be6a7d51c77a66324cdb09f1acddb/ujson-5.10.0-cp313-cp313-macosx_10_9_x86_64.whl", hash = "sha256:618efd84dc1acbd6bff8eaa736bb6c074bfa8b8a98f55b61c38d4ca2c1f7f287", size = 55646 },
    { url = "https://files.pythonhosted.org/packages/32/8a/9b748eb543c6cabc54ebeaa1f28035b1bd09c0800235b08e85990734c41e/ujson-5.10.0-cp313-cp313-macosx_11_0_arm64.whl", hash = "sha256:38d5d36b4aedfe81dfe251f76c0467399d575d1395a1755de391e58985ab1c2e", size = 51806 },
    { url = "https://files.pythonhosted.org/packages/39/50/4b53ea234413b710a18b305f465b328e306ba9592e13a791a6a6b378869b/ujson-5.10.0-cp313-cp313-manylinux_2_17_aarch64.manylinux2014_aarch64.whl", hash = "sha256:67079b1f9fb29ed9a2914acf4ef6c02844b3153913eb735d4bf287ee1db6e557", size = 51975 },
    { url = "https://files.pythonhosted.org/packages/b4/9d/8061934f960cdb6dd55f0b3ceeff207fcc48c64f58b43403777ad5623d9e/ujson-5.10.0-cp313-cp313-manylinux_2_17_x86_64.manylinux2014_x86_64.whl", hash = "sha256:d7d0e0ceeb8fe2468c70ec0c37b439dd554e2aa539a8a56365fd761edb418988", size = 53693 },
    { url = "https://files.pythonhosted.org/packages/f5/be/7bfa84b28519ddbb67efc8410765ca7da55e6b93aba84d97764cd5794dbc/ujson-5.10.0-cp313-cp313-manylinux_2_5_i686.manylinux1_i686.manylinux_2_17_i686.manylinux2014_i686.whl", hash = "sha256:59e02cd37bc7c44d587a0ba45347cc815fb7a5fe48de16bf05caa5f7d0d2e816", size = 58594 },
    { url = "https://files.pythonhosted.org/packages/48/eb/85d465abafb2c69d9699cfa5520e6e96561db787d36c677370e066c7e2e7/ujson-5.10.0-cp313-cp313-musllinux_1_2_aarch64.whl", hash = "sha256:2a890b706b64e0065f02577bf6d8ca3b66c11a5e81fb75d757233a38c07a1f20", size = 997853 },
    { url = "https://files.pythonhosted.org/packages/9f/76/2a63409fc05d34dd7d929357b7a45e3a2c96f22b4225cd74becd2ba6c4cb/ujson-5.10.0-cp313-cp313-musllinux_1_2_i686.whl", hash = "sha256:621e34b4632c740ecb491efc7f1fcb4f74b48ddb55e65221995e74e2d00bbff0", size = 1140694 },
    { url = "https://files.pythonhosted.org/packages/45/ed/582c4daba0f3e1688d923b5cb914ada1f9defa702df38a1916c899f7c4d1/ujson-5.10.0-cp313-cp313-musllinux_1_2_x86_64.whl", hash = "sha256:b9500e61fce0cfc86168b248104e954fead61f9be213087153d272e817ec7b4f", size = 1043580 },
    { url = "https://files.pythonhosted.org/packages/d7/0c/9837fece153051e19c7bade9f88f9b409e026b9525927824cdf16293b43b/ujson-5.10.0-cp313-cp313-win32.whl", hash = "sha256:4c4fc16f11ac1612f05b6f5781b384716719547e142cfd67b65d035bd85af165", size = 38766 },
    { url = "https://files.pythonhosted.org/packages/d7/72/6cb6728e2738c05bbe9bd522d6fc79f86b9a28402f38663e85a28fddd4a0/ujson-5.10.0-cp313-cp313-win_amd64.whl", hash = "sha256:4573fd1695932d4f619928fd09d5d03d917274381649ade4328091ceca175539", size = 42212 },
]

[[package]]
name = "uvloop"
version = "0.20.0"
source = { registry = "https://pypi.org/simple" }
sdist = { url = "https://files.pythonhosted.org/packages/bc/f1/dc9577455e011ad43d9379e836ee73f40b4f99c02946849a44f7ae64835e/uvloop-0.20.0.tar.gz", hash = "sha256:4603ca714a754fc8d9b197e325db25b2ea045385e8a3ad05d3463de725fdf469", size = 2329938 }
wheels = [
    { url = "https://files.pythonhosted.org/packages/2d/64/31cbd379d6e260ac8de3f672f904e924f09715c3f192b09f26cc8e9f574c/uvloop-0.20.0-cp312-cp312-macosx_10_9_universal2.whl", hash = "sha256:4b75f2950ddb6feed85336412b9a0c310a2edbcf4cf931aa5cfe29034829676d", size = 1324302 },
    { url = "https://files.pythonhosted.org/packages/1e/6b/9207e7177ff30f78299401f2e1163ea41130d4fd29bcdc6d12572c06b728/uvloop-0.20.0-cp312-cp312-macosx_10_9_x86_64.whl", hash = "sha256:77fbc69c287596880ecec2d4c7a62346bef08b6209749bf6ce8c22bbaca0239e", size = 738105 },
    { url = "https://files.pythonhosted.org/packages/c1/ba/b64b10f577519d875992dc07e2365899a1a4c0d28327059ce1e1bdfb6854/uvloop-0.20.0-cp312-cp312-manylinux_2_17_aarch64.manylinux2014_aarch64.whl", hash = "sha256:6462c95f48e2d8d4c993a2950cd3d31ab061864d1c226bbf0ee2f1a8f36674b9", size = 4090658 },
    { url = "https://files.pythonhosted.org/packages/0a/f8/5ceea6876154d926604f10c1dd896adf9bce6d55a55911364337b8a5ed8d/uvloop-0.20.0-cp312-cp312-manylinux_2_17_x86_64.manylinux2014_x86_64.whl", hash = "sha256:649c33034979273fa71aa25d0fe120ad1777c551d8c4cd2c0c9851d88fcb13ab", size = 4173357 },
    { url = "https://files.pythonhosted.org/packages/18/b2/117ab6bfb18274753fbc319607bf06e216bd7eea8be81d5bac22c912d6a7/uvloop-0.20.0-cp312-cp312-musllinux_1_1_aarch64.whl", hash = "sha256:3a609780e942d43a275a617c0839d85f95c334bad29c4c0918252085113285b5", size = 4029868 },
    { url = "https://files.pythonhosted.org/packages/6f/52/deb4be09060637ef4752adaa0b75bf770c20c823e8108705792f99cd4a6f/uvloop-0.20.0-cp312-cp312-musllinux_1_1_x86_64.whl", hash = "sha256:aea15c78e0d9ad6555ed201344ae36db5c63d428818b4b2a42842b3870127c00", size = 4115980 },
]

[[package]]
name = "websockets"
version = "13.0"
source = { registry = "https://pypi.org/simple" }
sdist = { url = "https://files.pythonhosted.org/packages/0f/b0/e53bdd53d86447d211694f3cf66f163d077c5d68e6bcaa726bf64e88ae3a/websockets-13.0.tar.gz", hash = "sha256:b7bf950234a482b7461afdb2ec99eee3548ec4d53f418c7990bb79c620476602", size = 147622 }
wheels = [
    { url = "https://files.pythonhosted.org/packages/ad/0a/baeea2931827e73ebe3d958fad9df74ec66d08341d0cf701ced0381adc91/websockets-13.0-cp312-cp312-macosx_10_9_universal2.whl", hash = "sha256:b5407c34776b9b77bd89a5f95eb0a34aaf91889e3f911c63f13035220eb50107", size = 150928 },
    { url = "https://files.pythonhosted.org/packages/6d/f7/306e2940829db34c5866e869eb5b1a08dd04d1c6d25c71327a028d124871/websockets-13.0-cp312-cp312-macosx_10_9_x86_64.whl", hash = "sha256:4782ec789f059f888c1e8fdf94383d0e64b531cffebbf26dd55afd53ab487ca4", size = 148585 },
    { url = "https://files.pythonhosted.org/packages/2b/3c/183a4f79e0ce6be8733f824e0a48db3771a373a7206aef900bc1ae4c176e/websockets-13.0-cp312-cp312-macosx_11_0_arm64.whl", hash = "sha256:c8feb8e19ef65c9994e652c5b0324abd657bedd0abeb946fb4f5163012c1e730", size = 148821 },
    { url = "https://files.pythonhosted.org/packages/03/32/37e1c9dd9aa1e7fa6fb3147d6992d61a20ba63ffee2adc88a392e1ae7376/websockets-13.0-cp312-cp312-manylinux_2_17_aarch64.manylinux2014_aarch64.whl", hash = "sha256:d3f3d2e20c442b58dbac593cb1e02bc02d149a86056cc4126d977ad902472e3b", size = 158746 },
    { url = "https://files.pythonhosted.org/packages/6c/da/0cace6358289c7de1ee02ed0d572dfe92e5cb97270bda60f04a4e49ac5c5/websockets-13.0-cp312-cp312-manylinux_2_5_i686.manylinux1_i686.manylinux_2_17_i686.manylinux2014_i686.whl", hash = "sha256:e39d393e0ab5b8bd01717cc26f2922026050188947ff54fe6a49dc489f7750b7", size = 157699 },
    { url = "https://files.pythonhosted.org/packages/c7/ab/b763b0e8598c4251ec6e17d18f46cbced157772b991200fb0d32550844c5/websockets-13.0-cp312-cp312-manylinux_2_5_x86_64.manylinux1_x86_64.manylinux_2_17_x86_64.manylinux2014_x86_64.whl", hash = "sha256:1f661a4205741bdc88ac9c2b2ec003c72cee97e4acd156eb733662ff004ba429", size = 158124 },
    { url = "https://files.pythonhosted.org/packages/d0/2d/40b8c3ba08792c2ecdb81613671a4b9bd33b83c50519b235e8eeb0ae21a0/websockets-13.0-cp312-cp312-musllinux_1_2_aarch64.whl", hash = "sha256:384129ad0490e06bab2b98c1da9b488acb35bb11e2464c728376c6f55f0d45f3", size = 158415 },
    { url = "https://files.pythonhosted.org/packages/4c/5e/9a42db20f6c38d247a900bfb8633953df93d8873a99ed9432645a4d5e185/websockets-13.0-cp312-cp312-musllinux_1_2_i686.whl", hash = "sha256:df5c0eff91f61b8205a6c9f7b255ff390cdb77b61c7b41f79ca10afcbb22b6cb", size = 157795 },
    { url = "https://files.pythonhosted.org/packages/87/52/7fb5f052eefaa5d2b42da06b314c2af0467fadbd7f360716a1a4d4f7ab67/websockets-13.0-cp312-cp312-musllinux_1_2_x86_64.whl", hash = "sha256:02cc9bb1a887dac0e08bf657c5d00aa3fac0d03215d35a599130c2034ae6663a", size = 157791 },
    { url = "https://files.pythonhosted.org/packages/9c/8b/4b7064d1a40fcb85f64bc051d8bdc8a9e388572eb5bec5cb85ffb2c43e01/websockets-13.0-cp312-cp312-win32.whl", hash = "sha256:d9726d2c9bd6aed8cb994d89b3910ca0079406edce3670886ec828a73e7bdd53", size = 151765 },
    { url = "https://files.pythonhosted.org/packages/8b/a3/297207726b292e85b9a8ce24ef6ab16a056c457100e915a67b6928a58fa9/websockets-13.0-cp312-cp312-win_amd64.whl", hash = "sha256:fa0839f35322f7b038d8adcf679e2698c3a483688cc92e3bd15ee4fb06669e9a", size = 152202 },
    { url = "https://files.pythonhosted.org/packages/03/b6/778678e1ff104df3a869dacb0bc845df34d74f2ff7451f99babccd212203/websockets-13.0-cp313-cp313-macosx_10_13_universal2.whl", hash = "sha256:da7e501e59857e8e3e9d10586139dc196b80445a591451ca9998aafba1af5278", size = 150936 },
    { url = "https://files.pythonhosted.org/packages/fa/25/28609b2555f11e4913a4021147b7a7c5117b5c41da5d26a604a91bae85b9/websockets-13.0-cp313-cp313-macosx_10_13_x86_64.whl", hash = "sha256:a00e1e587c655749afb5b135d8d3edcfe84ec6db864201e40a882e64168610b3", size = 148590 },
    { url = "https://files.pythonhosted.org/packages/cb/1f/e06fb15fde90683fd98e6ca44fb54fe579161ce553d54fdbb578014ae1a7/websockets-13.0-cp313-cp313-macosx_11_0_arm64.whl", hash = "sha256:a7fbf2a8fe7556a8f4e68cb3e736884af7bf93653e79f6219f17ebb75e97d8f0", size = 148826 },
    { url = "https://files.pythonhosted.org/packages/22/00/9892eee346f44cd814c18888bc1a05880e3f8091e4eb999e6b34634cd278/websockets-13.0-cp313-cp313-manylinux_2_17_aarch64.manylinux2014_aarch64.whl", hash = "sha256:7ea9c9c7443a97ea4d84d3e4d42d0e8c4235834edae652993abcd2aff94affd7", size = 158717 },
    { url = "https://files.pythonhosted.org/packages/dc/ad/2bdc3a5dd60b639e0f8e76ee4a57fda27abaf05f604708c61c6fd7f8ad88/websockets-13.0-cp313-cp313-manylinux_2_5_i686.manylinux1_i686.manylinux_2_17_i686.manylinux2014_i686.whl", hash = "sha256:35c2221b539b360203f3f9ad168e527bf16d903e385068ae842c186efb13d0ea", size = 157660 },
    { url = "https://files.pythonhosted.org/packages/0c/14/5585de16939608b77a37f8b88e1bd1d430d95ec19d3a8c26ec42a91f2815/websockets-13.0-cp313-cp313-manylinux_2_5_x86_64.manylinux1_x86_64.manylinux_2_17_x86_64.manylinux2014_x86_64.whl", hash = "sha256:358d37c5c431dd050ffb06b4b075505aae3f4f795d7fff9794e5ed96ce99b998", size = 158104 },
    { url = "https://files.pythonhosted.org/packages/7b/1e/6cd9063fd34fe7f649ed9a56d3c91e80dea95cf3ab3344203ee774d51a56/websockets-13.0-cp313-cp313-musllinux_1_2_aarch64.whl", hash = "sha256:038e7a0f1bfafc7bf52915ab3506b7a03d1e06381e9f60440c856e8918138151", size = 158463 },
    { url = "https://files.pythonhosted.org/packages/d9/4d/c3282f8e54103f3d38b5e56851d00911dafd0c37c8d03a9ecc7a25f2a9da/websockets-13.0-cp313-cp313-musllinux_1_2_i686.whl", hash = "sha256:fd038bc9e2c134847f1e0ce3191797fad110756e690c2fdd9702ed34e7a43abb", size = 157850 },
    { url = "https://files.pythonhosted.org/packages/a1/08/af4f67b74cc6891ee1c34a77b47a3cb77081b824c3df92c1196980df9a4f/websockets-13.0-cp313-cp313-musllinux_1_2_x86_64.whl", hash = "sha256:93b8c2008f372379fb6e5d2b3f7c9ec32f7b80316543fd3a5ace6610c5cde1b0", size = 157843 },
    { url = "https://files.pythonhosted.org/packages/b4/b7/2c991e51d48b1b98847d0a0b608508a3b687f215a2390f99cf0ee7dd2777/websockets-13.0-cp313-cp313-win32.whl", hash = "sha256:851fd0afb3bc0b73f7c5b5858975d42769a5fdde5314f4ef2c106aec63100687", size = 151763 },
    { url = "https://files.pythonhosted.org/packages/bc/0f/f06ed6485cf9cdea7d89c2f6e9d19f1be963ba5d26fb79760bfd17dd4aa5/websockets-13.0-cp313-cp313-win_amd64.whl", hash = "sha256:7d14901fdcf212804970c30ab9ee8f3f0212e620c7ea93079d6534863444fb4e", size = 152197 },
    { url = "https://files.pythonhosted.org/packages/b2/89/c0be9f09eea478659e9d936210ff03e6a2a3a8d4b8dfac6b1143ff646ded/websockets-13.0-py3-none-any.whl", hash = "sha256:dbbac01e80aee253d44c4f098ab3cc17c822518519e869b284cfbb8cd16cc9de", size = 142957 },
]
